
Microsoft Visual Studio Solution File, Format Version 12.00
# Visual Studio Version 16
VisualStudioVersion = 16.0.29411.108
MinimumVisualStudioVersion = 10.0.40219.1
Project("{FAE04EC0-301F-11D3-BF4B-00C04F79EFBC}") = "NesopsRTC2", "NesopsRTC2\NesopsRTC2.csproj", "{C5868D5F-E74E-4C03-A00C-A0C0B802B112}"
EndProject
Project("{FAE04EC0-301F-11D3-BF4B-00C04F79EFBC}") = "NesopsService", "NesopsService\NesopsService.csproj", "{AB990FF3-0A7E-4233-B68A-8B77DE93B7D8}"
EndProject
Global
	GlobalSection(SolutionConfigurationPlatforms) = preSolution
		Debug|Any CPU = Debug|Any CPU
		Release|Any CPU = Release|Any CPU
	EndGlobalSection
	GlobalSection(ProjectConfigurationPlatforms) = postSolution
		{C5868D5F-E74E-4C03-A00C-A0C0B802B112}.Debug|Any CPU.ActiveCfg = Debug|Any CPU
		{C5868D5F-E74E-4C03-A00C-A0C0B802B112}.Debug|Any CPU.Build.0 = Debug|Any CPU
		{C5868D5F-E74E-4C03-A00C-A0C0B802B112}.Release|Any CPU.ActiveCfg = Release|Any CPU
		{C5868D5F-E74E-4C03-A00C-A0C0B802B112}.Release|Any CPU.Build.0 = Release|Any CPU
		{AB990FF3-0A7E-4233-B68A-8B77DE93B7D8}.Debug|Any CPU.ActiveCfg = Debug|Any CPU
		{AB990FF3-0A7E-4233-B68A-8B77DE93B7D8}.Debug|Any CPU.Build.0 = Debug|Any CPU
		{AB990FF3-0A7E-4233-B68A-8B77DE93B7D8}.Release|Any CPU.ActiveCfg = Release|Any CPU
		{AB990FF3-0A7E-4233-B68A-8B77DE93B7D8}.Release|Any CPU.Build.0 = Release|Any CPU
	EndGlobalSection
	GlobalSection(SolutionProperties) = preSolution
		HideSolutionNode = FALSE
	EndGlobalSection
	GlobalSection(ExtensibilityGlobals) = postSolution
		SolutionGuid = {D7EA7A45-979A-4A6D-9725-30D22A276CBA}
	EndGlobalSection
EndGlobal
